<?xml version="1.0" encoding="utf-8"?>
<Project ToolsVersion="4.0" xmlns="http://schemas.microsoft.com/developer/msbuild/2003">
  <ItemGroup>
    <Filter Include="Source Files">
      <UniqueIdentifier>{79fe1116-167d-451c-88cc-3109ece700cd}</UniqueIdentifier>
    </Filter>
    <Filter Include="Header Files">
      <UniqueIdentifier>{6ac597bc-37ed-48c4-b396-ddaa12dc13ef}</UniqueIdentifier>
    </Filter>
  </ItemGroup>
  <ItemGroup>
    <ClCompile Include="Source.cpp">
      <Filter>Source Files</Filter>
    </ClCompile>
    <ClCompile Include="WindowContext.cpp">
      <Filter>Source Files</Filter>
    </ClCompile>
    <ClCompile Include="GLFWWindowContext.cpp">
      <Filter>Source Files</Filter>
    </ClCompile>
    <ClCompile Include="ShaderProgram.cpp">
      <Filter>Source Files</Filter>
    </ClCompile>
    <ClCompile Include="ShaderProgramPipeline.cpp">
      <Filter>Source Files</Filter>
    </ClCompile>
    <ClCompile Include="Camera.cpp">
      <Filter>Source Files</Filter>
    </ClCompile>
    <ClCompile Include="CLPass.cpp">
      <Filter>Source Files</Filter>
    </ClCompile>
    <ClCompile Include="Context.cpp">
      <Filter>Source Files</Filter>
    </ClCompile>
    <ClCompile Include="DiscreteGeometryUtils.cpp">
      <Filter>Source Files</Filter>
    </ClCompile>
    <ClCompile Include="FrameBuffer.cpp">
      <Filter>Source Files</Filter>
    </ClCompile>
    <ClCompile Include="GeometricalMeshObjects.cpp">
      <Filter>Source Files</Filter>
    </ClCompile>
    <ClCompile Include="GraphicsObject.cpp">
      <Filter>Source Files</Filter>
    </ClCompile>
    <ClCompile Include="HalfSimplexRenderingUtils.cpp">
      <Filter>Source Files</Filter>
    </ClCompile>
    <ClCompile Include="ImplicitGeometry.cpp">
      <Filter>Source Files</Filter>
    </ClCompile>
    <ClCompile Include="LinearAlgebraUtils.cpp">
      <Filter>Source Files</Filter>
    </ClCompile>
    <ClCompile Include="OpenCLContext.cpp">
      <Filter>Source Files</Filter>
    </ClCompile>
    <ClCompile Include="Pass.cpp">
      <Filter>Source Files</Filter>
    </ClCompile>
    <ClCompile Include="ReferencedGraphicsObject.cpp">
      <Filter>Source Files</Filter>
    </ClCompile>
    <ClCompile Include="SurfaceViewContext.cpp">
      <Filter>Source Files</Filter>
    </ClCompile>
    <ClCompile Include="SurfaceViewController.cpp">
      <Filter>Source Files</Filter>
    </ClCompile>
    <ClCompile Include="TextureManager.cpp">
      <Filter>Source Files</Filter>
    </ClCompile>
    <ClCompile Include="VoronoiDiagramUtils.cpp">
      <Filter>Source Files</Filter>
    </ClCompile>
    <ClCompile Include="PointSamplingContext.cpp">
      <Filter>Source Files</Filter>
    </ClCompile>
    <ClCompile Include="PointSamplingController.cpp">
      <Filter>Source Files</Filter>
    </ClCompile>
    <ClCompile Include="TetrahedralizationContext.cpp">
      <Filter>Source Files</Filter>
    </ClCompile>
    <ClCompile Include="TetrahedralizationController.cpp">
      <Filter>Source Files</Filter>
    </ClCompile>
    <ClCompile Include="ClusteringStageController.cpp">
      <Filter>Source Files</Filter>
    </ClCompile>
    <ClCompile Include="ClusteringStageContext.cpp">
      <Filter>Source Files</Filter>
    </ClCompile>
    <ClCompile Include="Controller.cpp">
      <Filter>Source Files</Filter>
    </ClCompile>
  </ItemGroup>
  <ItemGroup>
    <ClInclude Include="GLFWWindowContext.h">
      <Filter>Header Files</Filter>
    </ClInclude>
    <ClInclude Include="WindowContext.h">
      <Filter>Header Files</Filter>
    </ClInclude>
    <ClInclude Include="ShaderProgram.h">
      <Filter>Header Files</Filter>
    </ClInclude>
    <ClInclude Include="ShaderProgramPipeline.h">
      <Filter>Header Files</Filter>
    </ClInclude>
    <ClInclude Include="Camera.h">
      <Filter>Header Files</Filter>
    </ClInclude>
    <ClInclude Include="CLPass.h">
      <Filter>Header Files</Filter>
    </ClInclude>
    <ClInclude Include="Context.h">
      <Filter>Header Files</Filter>
    </ClInclude>
    <ClInclude Include="Controller.h">
      <Filter>Header Files</Filter>
    </ClInclude>
    <ClInclude Include="Decorator.h">
      <Filter>Header Files</Filter>
    </ClInclude>
    <ClInclude Include="DirectedGraphNode.h">
      <Filter>Header Files</Filter>
    </ClInclude>
    <ClInclude Include="DiscreteGeometryUtils.h">
      <Filter>Header Files</Filter>
    </ClInclude>
    <ClInclude Include="FPSCameraControls.h">
      <Filter>Header Files</Filter>
    </ClInclude>
    <ClInclude Include="FrameBuffer.h">
      <Filter>Header Files</Filter>
    </ClInclude>
    <ClInclude Include="GeometricalMeshObjects.h">
      <Filter>Header Files</Filter>
    </ClInclude>
    <ClInclude Include="GraphicsObject.h">
      <Filter>Header Files</Filter>
    </ClInclude>
    <ClInclude Include="HalfSimplexGeometryUtils.h">
      <Filter>Header Files</Filter>
    </ClInclude>
    <ClInclude Include="HalfSimplexRenderingUtils.h">
      <Filter>Header Files</Filter>
    </ClInclude>
    <ClInclude Include="HalfSimplices.h">
      <Filter>Header Files</Filter>
    </ClInclude>
    <ClInclude Include="ImplicitGeometry.h">
      <Filter>Header Files</Filter>
    </ClInclude>
    <ClInclude Include="KdTree.h">
      <Filter>Header Files</Filter>
    </ClInclude>
    <ClInclude Include="LinearAlgebraUtils.h">
      <Filter>Header Files</Filter>
    </ClInclude>
    <ClInclude Include="OpenCLContext.h">
      <Filter>Header Files</Filter>
    </ClInclude>
    <ClInclude Include="Pass.h">
      <Filter>Header Files</Filter>
    </ClInclude>
    <ClInclude Include="ReferencedGraphicsObject.h">
      <Filter>Header Files</Filter>
    </ClInclude>
    <ClInclude Include="SurfaceViewController.h">
      <Filter>Header Files</Filter>
    </ClInclude>
    <ClInclude Include="SurfaceViewContext.h">
      <Filter>Header Files</Filter>
    </ClInclude>
    <ClInclude Include="TextureManager.h">
      <Filter>Header Files</Filter>
    </ClInclude>
    <ClInclude Include="VoronoiDiagramUtils.h">
      <Filter>Header Files</Filter>
    </ClInclude>
    <ClInclude Include="PointSamplingContext.h">
      <Filter>Header Files</Filter>
    </ClInclude>
    <ClInclude Include="PointSamplingController.h">
      <Filter>Header Files</Filter>
    </ClInclude>
    <ClInclude Include="TetrahedralizationContext.h">
      <Filter>Header Files</Filter>
    </ClInclude>
    <ClInclude Include="TetrahedralizationController.h">
      <Filter>Header Files</Filter>
    </ClInclude>
    <ClInclude Include="ClusteringStageController.h">
      <Filter>Header Files</Filter>
    </ClInclude>
    <ClInclude Include="ClusteringStageContext.h">
      <Filter>Header Files</Filter>
    </ClInclude>
  </ItemGroup>
</Project>